
Microsoft Visual Studio Solution File, Format Version 12.00
# Visual Studio 15
VisualStudioVersion = 15.0.28010.2036
MinimumVisualStudioVersion = 10.0.40219.1
Project("{FAE04EC0-301F-11D3-BF4B-00C04F79EFBC}") = "Web", "MobileHis_2019\Web.csproj", "{41A8F1E1-E895-40D6-BC2C-38ACFA8E5B25}"
EndProject
Project("{FAE04EC0-301F-11D3-BF4B-00C04F79EFBC}") = "DAL", "DAL\DAL.csproj", "{93DD37EA-7A5C-48DC-8E39-01AEA9D4F273}"
EndProject
Project("{FAE04EC0-301F-11D3-BF4B-00C04F79EFBC}") = "MobileHis.Data", "MobileHis.Data\MobileHis.Data.csproj", "{FB01A196-011A-454A-B16D-C5F7AD076E2F}"
EndProject
Global
	GlobalSection(SolutionConfigurationPlatforms) = preSolution
		Debug|Any CPU = Debug|Any CPU
		Release|Any CPU = Release|Any CPU
		Staging|Any CPU = Staging|Any CPU
	EndGlobalSection
	GlobalSection(ProjectConfigurationPlatforms) = postSolution
		{41A8F1E1-E895-40D6-BC2C-38ACFA8E5B25}.Debug|Any CPU.ActiveCfg = Debug|Any CPU
		{41A8F1E1-E895-40D6-BC2C-38ACFA8E5B25}.Debug|Any CPU.Build.0 = Debug|Any CPU
		{41A8F1E1-E895-40D6-BC2C-38ACFA8E5B25}.Release|Any CPU.ActiveCfg = Release|Any CPU
		{41A8F1E1-E895-40D6-BC2C-38ACFA8E5B25}.Release|Any CPU.Build.0 = Release|Any CPU
		{41A8F1E1-E895-40D6-BC2C-38ACFA8E5B25}.Staging|Any CPU.ActiveCfg = Release|Any CPU
		{41A8F1E1-E895-40D6-BC2C-38ACFA8E5B25}.Staging|Any CPU.Build.0 = Release|Any CPU
		{93DD37EA-7A5C-48DC-8E39-01AEA9D4F273}.Debug|Any CPU.ActiveCfg = Debug|Any CPU
		{93DD37EA-7A5C-48DC-8E39-01AEA9D4F273}.Debug|Any CPU.Build.0 = Debug|Any CPU
		{93DD37EA-7A5C-48DC-8E39-01AEA9D4F273}.Release|Any CPU.ActiveCfg = Release|Any CPU
		{93DD37EA-7A5C-48DC-8E39-01AEA9D4F273}.Release|Any CPU.Build.0 = Release|Any CPU
		{93DD37EA-7A5C-48DC-8E39-01AEA9D4F273}.Staging|Any CPU.ActiveCfg = Release|Any CPU
		{93DD37EA-7A5C-48DC-8E39-01AEA9D4F273}.Staging|Any CPU.Build.0 = Release|Any CPU
		{FB01A196-011A-454A-B16D-C5F7AD076E2F}.Debug|Any CPU.ActiveCfg = Debug|Any CPU
		{FB01A196-011A-454A-B16D-C5F7AD076E2F}.Debug|Any CPU.Build.0 = Debug|Any CPU
		{FB01A196-011A-454A-B16D-C5F7AD076E2F}.Release|Any CPU.ActiveCfg = Release|Any CPU
		{FB01A196-011A-454A-B16D-C5F7AD076E2F}.Release|Any CPU.Build.0 = Release|Any CPU
		{FB01A196-011A-454A-B16D-C5F7AD076E2F}.Staging|Any CPU.ActiveCfg = Staging|Any CPU
		{FB01A196-011A-454A-B16D-C5F7AD076E2F}.Staging|Any CPU.Build.0 = Staging|Any CPU
	EndGlobalSection
	GlobalSection(SolutionProperties) = preSolution
		HideSolutionNode = FALSE
	EndGlobalSection
	GlobalSection(ExtensibilityGlobals) = postSolution
		SolutionGuid = {6080F7BD-C901-46DA-86A6-AC9018CA8550}
	EndGlobalSection
EndGlobal
